
Microsoft Visual Studio Solution File, Format Version 12.00
# Visual Studio Version 16
VisualStudioVersion = 16.0.30804.86
MinimumVisualStudioVersion = 10.0.40219.1
Project("{FAE04EC0-301F-11D3-BF4B-00C04F79EFBC}") = "ConnexionBaseDeDonnees", "ConnexionBaseDeDonnees\ConnexionBaseDeDonnees.csproj", "{14630E48-3C28-41E2-B4CB-BFA7B7626BB6}"
EndProject
Project("{9A19103F-16F7-4668-BE54-9A1E7A4F7556}") = "DB2", "DB2\DB2.csproj", "{2643DCC3-FBC4-41C2-A8F7-1B022E1D3A94}"
EndProject
Project("{9A19103F-16F7-4668-BE54-9A1E7A4F7556}") = "DB3", "DB3\DB3.csproj", "{B634064C-0D7C-4054-BD59-B430478950AD}"
EndProject
Project("{FAE04EC0-301F-11D3-BF4B-00C04F79EFBC}") = "DB4", "DB4\DB4.csproj", "{09E1C604-5A50-40BF-9457-95F2B47A3495}"
EndProject
Project("{FAE04EC0-301F-11D3-BF4B-00C04F79EFBC}") = "DB5Applicationbureau", "DB5Applicationbureau\DB5Applicationbureau.csproj", "{37530953-4725-4B33-89A7-FA6114ED5055}"
EndProject
Global
	GlobalSection(SolutionConfigurationPlatforms) = preSolution
		Debug|Any CPU = Debug|Any CPU
		Release|Any CPU = Release|Any CPU
	EndGlobalSection
	GlobalSection(ProjectConfigurationPlatforms) = postSolution
		{14630E48-3C28-41E2-B4CB-BFA7B7626BB6}.Debug|Any CPU.ActiveCfg = Debug|Any CPU
		{14630E48-3C28-41E2-B4CB-BFA7B7626BB6}.Debug|Any CPU.Build.0 = Debug|Any CPU
		{14630E48-3C28-41E2-B4CB-BFA7B7626BB6}.Release|Any CPU.ActiveCfg = Release|Any CPU
		{14630E48-3C28-41E2-B4CB-BFA7B7626BB6}.Release|Any CPU.Build.0 = Release|Any CPU
		{2643DCC3-FBC4-41C2-A8F7-1B022E1D3A94}.Debug|Any CPU.ActiveCfg = Debug|Any CPU
		{2643DCC3-FBC4-41C2-A8F7-1B022E1D3A94}.Debug|Any CPU.Build.0 = Debug|Any CPU
		{2643DCC3-FBC4-41C2-A8F7-1B022E1D3A94}.Release|Any CPU.ActiveCfg = Release|Any CPU
		{2643DCC3-FBC4-41C2-A8F7-1B022E1D3A94}.Release|Any CPU.Build.0 = Release|Any CPU
		{B634064C-0D7C-4054-BD59-B430478950AD}.Debug|Any CPU.ActiveCfg = Debug|Any CPU
		{B634064C-0D7C-4054-BD59-B430478950AD}.Debug|Any CPU.Build.0 = Debug|Any CPU
		{B634064C-0D7C-4054-BD59-B430478950AD}.Release|Any CPU.ActiveCfg = Release|Any CPU
		{B634064C-0D7C-4054-BD59-B430478950AD}.Release|Any CPU.Build.0 = Release|Any CPU
		{09E1C604-5A50-40BF-9457-95F2B47A3495}.Debug|Any CPU.ActiveCfg = Debug|Any CPU
		{09E1C604-5A50-40BF-9457-95F2B47A3495}.Debug|Any CPU.Build.0 = Debug|Any CPU
		{09E1C604-5A50-40BF-9457-95F2B47A3495}.Release|Any CPU.ActiveCfg = Release|Any CPU
		{09E1C604-5A50-40BF-9457-95F2B47A3495}.Release|Any CPU.Build.0 = Release|Any CPU
		{37530953-4725-4B33-89A7-FA6114ED5055}.Debug|Any CPU.ActiveCfg = Debug|Any CPU
		{37530953-4725-4B33-89A7-FA6114ED5055}.Debug|Any CPU.Build.0 = Debug|Any CPU
		{37530953-4725-4B33-89A7-FA6114ED5055}.Release|Any CPU.ActiveCfg = Release|Any CPU
		{37530953-4725-4B33-89A7-FA6114ED5055}.Release|Any CPU.Build.0 = Release|Any CPU
	EndGlobalSection
	GlobalSection(SolutionProperties) = preSolution
		HideSolutionNode = FALSE
	EndGlobalSection
	GlobalSection(ExtensibilityGlobals) = postSolution
		SolutionGuid = {DFF31A11-CCD1-4726-BBCD-D855E4AF392A}
	EndGlobalSection
EndGlobal
